
Microsoft Visual Studio Solution File, Format Version 12.00
# Visual Studio Version 17
VisualStudioVersion = 17.6.33815.320
MinimumVisualStudioVersion = 10.0.40219.1
Project("{FAE04EC0-301F-11D3-BF4B-00C04F79EFBC}") = "my_books", "my_books.csproj", "{0E2A022D-5A6D-47A0-A331-FCD374BB6DEB}"
EndProject
Global
	GlobalSection(SolutionConfigurationPlatforms) = preSolution
		Debug|Any CPU = Debug|Any CPU
		Release|Any CPU = Release|Any CPU
	EndGlobalSection
	GlobalSection(ProjectConfigurationPlatforms) = postSolution
		{0E2A022D-5A6D-47A0-A331-FCD374BB6DEB}.Debug|Any CPU.ActiveCfg = Debug|Any CPU
		{0E2A022D-5A6D-47A0-A331-FCD374BB6DEB}.Debug|Any CPU.Build.0 = Debug|Any CPU
		{0E2A022D-5A6D-47A0-A331-FCD374BB6DEB}.Release|Any CPU.ActiveCfg = Release|Any CPU
		{0E2A022D-5A6D-47A0-A331-FCD374BB6DEB}.Release|Any CPU.Build.0 = Release|Any CPU
	EndGlobalSection
	GlobalSection(SolutionProperties) = preSolution
		HideSolutionNode = FALSE
	EndGlobalSection
	GlobalSection(ExtensibilityGlobals) = postSolution
		SolutionGuid = {B1B2119C-D940-4762-BDBF-2D8CB0071484}
	EndGlobalSection
EndGlobal
